// !$*UTF8*$!
{
	archiveVersion = 1;
	classes = {
	};
	objectVersion = 46;
	objects = {

/* Begin PBXBuildFile section */
		C179FF9A1F18733900296DB8 /* Default-568h@2x.png in Resources */ = {isa = PBXBuildFile; fileRef = C179FF991F18733900296DB8 /* Default-568h@2x.png */; };
		C179FFB31F19BBF900296DB8 /* TaskViewController.swift in Sources */ = {isa = PBXBuildFile; fileRef = C179FFB21F19BBF900296DB8 /* TaskViewController.swift */; };
		C179FFB71F19ED4E00296DB8 /* AddTaskViewController.swift in Sources */ = {isa = PBXBuildFile; fileRef = C179FFB61F19ED4E00296DB8 /* AddTaskViewController.swift */; };
		C1BE1BF71F17834B00A9C378 /* AppDelegate.swift in Sources */ = {isa = PBXBuildFile; fileRef = C1BE1BF61F17834B00A9C378 /* AppDelegate.swift */; };
		C1BE1BF91F17834B00A9C378 /* ViewController.swift in Sources */ = {isa = PBXBuildFile; fileRef = C1BE1BF81F17834B00A9C378 /* ViewController.swift */; };
		C1BE1BFC1F17834B00A9C378 /* Main.storyboard in Resources */ = {isa = PBXBuildFile; fileRef = C1BE1BFA1F17834B00A9C378 /* Main.storyboard */; };
		C1BE1BFF1F17834B00A9C378 /* TaskBrewery.xcdatamodeld in Sources */ = {isa = PBXBuildFile; fileRef = C1BE1BFD1F17834B00A9C378 /* TaskBrewery.xcdatamodeld */; };
		C1BE1C011F17834B00A9C378 /* Assets.xcassets in Resources */ = {isa = PBXBuildFile; fileRef = C1BE1C001F17834B00A9C378 /* Assets.xcassets */; };
		C1BE1C041F17834B00A9C378 /* LaunchScreen.storyboard in Resources */ = {isa = PBXBuildFile; fileRef = C1BE1C021F17834B00A9C378 /* LaunchScreen.storyboard */; };
		C1BE1C0F1F17834C00A9C378 /* TaskBreweryTests.swift in Sources */ = {isa = PBXBuildFile; fileRef = C1BE1C0E1F17834C00A9C378 /* TaskBreweryTests.swift */; };
		C1BE1C1A1F17834C00A9C378 /* TaskBreweryUITests.swift in Sources */ = {isa = PBXBuildFile; fileRef = C1BE1C191F17834C00A9C378 /* TaskBreweryUITests.swift */; };
/* End PBXBuildFile section */

/* Begin PBXContainerItemProxy section */
		C1BE1C0B1F17834C00A9C378 /* PBXContainerItemProxy */ = {
			isa = PBXContainerItemProxy;
			containerPortal = C1BE1BEB1F17834B00A9C378 /* Project object */;
			proxyType = 1;
			remoteGlobalIDString = C1BE1BF21F17834B00A9C378;
			remoteInfo = TaskBrewery;
		};
		C1BE1C161F17834C00A9C378 /* PBXContainerItemProxy */ = {
			isa = PBXContainerItemProxy;
			containerPortal = C1BE1BEB1F17834B00A9C378 /* Project object */;
			proxyType = 1;
			remoteGlobalIDString = C1BE1BF21F17834B00A9C378;
			remoteInfo = TaskBrewery;
		};
/* End PBXContainerItemProxy section */

/* Begin PBXFileReference section */
		5829C9F02A9F798BA832D0C4 /* Pods-TaskBrewery.release.xcconfig */ = {isa = PBXFileReference; includeInIndex = 1; lastKnownFileType = text.xcconfig; name = "Pods-TaskBrewery.release.xcconfig"; path = "Pods/Target Support Files/Pods-TaskBrewery/Pods-TaskBrewery.release.xcconfig"; sourceTree = "<group>"; };
		77984FA7DD2492BEA1B68ED4 /* Pods-TaskBreweryTests.release.xcconfig */ = {isa = PBXFileReference; includeInIndex = 1; lastKnownFileType = text.xcconfig; name = "Pods-TaskBreweryTests.release.xcconfig"; path = "Pods/Target Support Files/Pods-TaskBreweryTests/Pods-TaskBreweryTests.release.xcconfig"; sourceTree = "<group>"; };
		BDCD8DBA81360418DD2E1167 /* Pods-TaskBreweryUITests.release.xcconfig */ = {isa = PBXFileReference; includeInIndex = 1; lastKnownFileType = text.xcconfig; name = "Pods-TaskBreweryUITests.release.xcconfig"; path = "Pods/Target Support Files/Pods-TaskBreweryUITests/Pods-TaskBreweryUITests.release.xcconfig"; sourceTree = "<group>"; };
		C1362A9E1F232126005BC9B3 /* TaskBrewery.app */ = {isa = PBXFileReference; explicitFileType = wrapper.application; includeInIndex = 0; name = TaskBrewery.app; path = "/Users/ankurkumar/Documents/TaskBrewery/build/Debug-iphoneos/TaskBrewery.app"; sourceTree = "<absolute>"; };
		C1362A9F1F232126005BC9B3 /* TaskBreweryTests.xctest */ = {isa = PBXFileReference; explicitFileType = wrapper.cfbundle; includeInIndex = 0; name = TaskBreweryTests.xctest; path = "/Users/ankurkumar/Documents/TaskBrewery/build/Debug-iphoneos/TaskBreweryTests.xctest"; sourceTree = "<absolute>"; };
		C1362AA01F232126005BC9B3 /* TaskBreweryUITests.xctest */ = {isa = PBXFileReference; explicitFileType = wrapper.cfbundle; includeInIndex = 0; name = TaskBreweryUITests.xctest; path = "/Users/ankurkumar/Documents/TaskBrewery/build/Debug-iphoneos/TaskBreweryUITests.xctest"; sourceTree = "<absolute>"; };
		C179FF991F18733900296DB8 /* Default-568h@2x.png */ = {isa = PBXFileReference; lastKnownFileType = image.png; path = "Default-568h@2x.png"; sourceTree = "<group>"; };
		C179FFB21F19BBF900296DB8 /* TaskViewController.swift */ = {isa = PBXFileReference; fileEncoding = 4; lastKnownFileType = sourcecode.swift; path = TaskViewController.swift; sourceTree = "<group>"; };
		C179FFB61F19ED4E00296DB8 /* AddTaskViewController.swift */ = {isa = PBXFileReference; fileEncoding = 4; lastKnownFileType = sourcecode.swift; path = AddTaskViewController.swift; sourceTree = "<group>"; };
		C1BE1BF61F17834B00A9C378 /* AppDelegate.swift */ = {isa = PBXFileReference; lastKnownFileType = sourcecode.swift; path = AppDelegate.swift; sourceTree = "<group>"; };
		C1BE1BF81F17834B00A9C378 /* ViewController.swift */ = {isa = PBXFileReference; lastKnownFileType = sourcecode.swift; path = ViewController.swift; sourceTree = "<group>"; };
		C1BE1BFB1F17834B00A9C378 /* Base */ = {isa = PBXFileReference; lastKnownFileType = file.storyboard; name = Base; path = Base.lproj/Main.storyboard; sourceTree = "<group>"; };
		C1BE1BFE1F17834B00A9C378 /* TaskBrewery.xcdatamodel */ = {isa = PBXFileReference; lastKnownFileType = wrapper.xcdatamodel; path = TaskBrewery.xcdatamodel; sourceTree = "<group>"; };
		C1BE1C001F17834B00A9C378 /* Assets.xcassets */ = {isa = PBXFileReference; lastKnownFileType = folder.assetcatalog; path = Assets.xcassets; sourceTree = "<group>"; };
		C1BE1C031F17834B00A9C378 /* Base */ = {isa = PBXFileReference; lastKnownFileType = file.storyboard; name = Base; path = Base.lproj/LaunchScreen.storyboard; sourceTree = "<group>"; };
		C1BE1C051F17834B00A9C378 /* Info.plist */ = {isa = PBXFileReference; lastKnownFileType = text.plist.xml; path = Info.plist; sourceTree = "<group>"; };
		C1BE1C0E1F17834C00A9C378 /* TaskBreweryTests.swift */ = {isa = PBXFileReference; lastKnownFileType = sourcecode.swift; path = TaskBreweryTests.swift; sourceTree = "<group>"; };
		C1BE1C101F17834C00A9C378 /* Info.plist */ = {isa = PBXFileReference; lastKnownFileType = text.plist.xml; path = Info.plist; sourceTree = "<group>"; };
		C1BE1C191F17834C00A9C378 /* TaskBreweryUITests.swift */ = {isa = PBXFileReference; lastKnownFileType = sourcecode.swift; path = TaskBreweryUITests.swift; sourceTree = "<group>"; };
		C1BE1C1B1F17834C00A9C378 /* Info.plist */ = {isa = PBXFileReference; lastKnownFileType = text.plist.xml; path = Info.plist; sourceTree = "<group>"; };
		C73CACEE5863173BF3ED3D19 /* Pods-TaskBreweryTests.debug.xcconfig */ = {isa = PBXFileReference; includeInIndex = 1; lastKnownFileType = text.xcconfig; name = "Pods-TaskBreweryTests.debug.xcconfig"; path = "Pods/Target Support Files/Pods-TaskBreweryTests/Pods-TaskBreweryTests.debug.xcconfig"; sourceTree = "<group>"; };
		D0D090E61D001D14E7CCFEBC /* Pods-TaskBreweryUITests.debug.xcconfig */ = {isa = PBXFileReference; includeInIndex = 1; lastKnownFileType = text.xcconfig; name = "Pods-TaskBreweryUITests.debug.xcconfig"; path = "Pods/Target Support Files/Pods-TaskBreweryUITests/Pods-TaskBreweryUITests.debug.xcconfig"; sourceTree = "<group>"; };
		D2F83ECEB539D1AA78DD1184 /* Pods-TaskBrewery.debug.xcconfig */ = {isa = PBXFileReference; includeInIndex = 1; lastKnownFileType = text.xcconfig; name = "Pods-TaskBrewery.debug.xcconfig"; path = "Pods/Target Support Files/Pods-TaskBrewery/Pods-TaskBrewery.debug.xcconfig"; sourceTree = "<group>"; };
/* End PBXFileReference section */

/* Begin PBXFrameworksBuildPhase section */
		C1BE1BF01F17834B00A9C378 /* Frameworks */ = {
			isa = PBXFrameworksBuildPhase;
			buildActionMask = 2147483647;
			files = (
			);
			runOnlyForDeploymentPostprocessing = 0;
		};
		C1BE1C071F17834C00A9C378 /* Frameworks */ = {
			isa = PBXFrameworksBuildPhase;
			buildActionMask = 2147483647;
			files = (
			);
			runOnlyForDeploymentPostprocessing = 0;
		};
		C1BE1C121F17834C00A9C378 /* Frameworks */ = {
			isa = PBXFrameworksBuildPhase;
			buildActionMask = 2147483647;
			files = (
			);
			runOnlyForDeploymentPostprocessing = 0;
		};
/* End PBXFrameworksBuildPhase section */

/* Begin PBXGroup section */
		2940F7CF40F5CC80BE145289 /* Frameworks */ = {
			isa = PBXGroup;
			children = (
			);
			name = Frameworks;
			sourceTree = "<group>";
		};
		30B6C391AC3C5CB79BC93374 /* Pods */ = {
			isa = PBXGroup;
			children = (
				D2F83ECEB539D1AA78DD1184 /* Pods-TaskBrewery.debug.xcconfig */,
				5829C9F02A9F798BA832D0C4 /* Pods-TaskBrewery.release.xcconfig */,
				C73CACEE5863173BF3ED3D19 /* Pods-TaskBreweryTests.debug.xcconfig */,
				77984FA7DD2492BEA1B68ED4 /* Pods-TaskBreweryTests.release.xcconfig */,
				D0D090E61D001D14E7CCFEBC /* Pods-TaskBreweryUITests.debug.xcconfig */,
				BDCD8DBA81360418DD2E1167 /* Pods-TaskBreweryUITests.release.xcconfig */,
			);
			name = Pods;
			sourceTree = "<group>";
		};
		C1BE1BEA1F17834B00A9C378 = {
			isa = PBXGroup;
			children = (
				C179FF991F18733900296DB8 /* Default-568h@2x.png */,
				C1BE1BF51F17834B00A9C378 /* TaskBrewery */,
				C1BE1C0D1F17834C00A9C378 /* TaskBreweryTests */,
				C1BE1C181F17834C00A9C378 /* TaskBreweryUITests */,
				30B6C391AC3C5CB79BC93374 /* Pods */,
				2940F7CF40F5CC80BE145289 /* Frameworks */,
			);
			sourceTree = "<group>";
		};
		C1BE1BF51F17834B00A9C378 /* TaskBrewery */ = {
			isa = PBXGroup;
			children = (
				C1BE1BF61F17834B00A9C378 /* AppDelegate.swift */,
				C1BE1BF81F17834B00A9C378 /* ViewController.swift */,
				C1BE1BFA1F17834B00A9C378 /* Main.storyboard */,
				C179FFB61F19ED4E00296DB8 /* AddTaskViewController.swift */,
				C179FFB21F19BBF900296DB8 /* TaskViewController.swift */,
				C1BE1C001F17834B00A9C378 /* Assets.xcassets */,
				C1BE1C021F17834B00A9C378 /* LaunchScreen.storyboard */,
				C1BE1C051F17834B00A9C378 /* Info.plist */,
				C1BE1BFD1F17834B00A9C378 /* TaskBrewery.xcdatamodeld */,
			);
			path = TaskBrewery;
			sourceTree = "<group>";
		};
		C1BE1C0D1F17834C00A9C378 /* TaskBreweryTests */ = {
			isa = PBXGroup;
			children = (
				C1BE1C0E1F17834C00A9C378 /* TaskBreweryTests.swift */,
				C1BE1C101F17834C00A9C378 /* Info.plist */,
			);
			path = TaskBreweryTests;
			sourceTree = "<group>";
		};
		C1BE1C181F17834C00A9C378 /* TaskBreweryUITests */ = {
			isa = PBXGroup;
			children = (
				C1BE1C191F17834C00A9C378 /* TaskBreweryUITests.swift */,
				C1BE1C1B1F17834C00A9C378 /* Info.plist */,
			);
			path = TaskBreweryUITests;
			sourceTree = "<group>";
		};
/* End PBXGroup section */

/* Begin PBXNativeTarget section */
		C1BE1BF21F17834B00A9C378 /* TaskBrewery */ = {
			isa = PBXNativeTarget;
			buildConfigurationList = C1BE1C1E1F17834C00A9C378 /* Build configuration list for PBXNativeTarget "TaskBrewery" */;
			buildPhases = (
				2D585996163C872A37B00BBC /* [CP] Check Pods Manifest.lock */,
				C1BE1BEF1F17834B00A9C378 /* Sources */,
				C1BE1BF01F17834B00A9C378 /* Frameworks */,
				C1BE1BF11F17834B00A9C378 /* Resources */,
				8F5817225311B10D36C01E4D /* [CP] Embed Pods Frameworks */,
				359F24322A30B20B40DCF791 /* [CP] Copy Pods Resources */,
			);
			buildRules = (
			);
			dependencies = (
			);
			name = TaskBrewery;
			productName = TaskBrewery;
			productReference = C1362A9E1F232126005BC9B3 /* TaskBrewery.app */;
			productType = "com.apple.product-type.application";
		};
		C1BE1C091F17834C00A9C378 /* TaskBreweryTests */ = {
			isa = PBXNativeTarget;
			buildConfigurationList = C1BE1C211F17834C00A9C378 /* Build configuration list for PBXNativeTarget "TaskBreweryTests" */;
			buildPhases = (
				C7EE4EBBE4F8351BCF32129F /* [CP] Check Pods Manifest.lock */,
				C1BE1C061F17834C00A9C378 /* Sources */,
				C1BE1C071F17834C00A9C378 /* Frameworks */,
				C1BE1C081F17834C00A9C378 /* Resources */,
				4A6A4823E34FD94D345CF067 /* [CP] Embed Pods Frameworks */,
				AC9A4D5D63A8038CBA55B080 /* [CP] Copy Pods Resources */,
			);
			buildRules = (
			);
			dependencies = (
				C1BE1C0C1F17834C00A9C378 /* PBXTargetDependency */,
			);
			name = TaskBreweryTests;
			productName = TaskBreweryTests;
			productReference = C1362A9F1F232126005BC9B3 /* TaskBreweryTests.xctest */;
			productType = "com.apple.product-type.bundle.unit-test";
		};
		C1BE1C141F17834C00A9C378 /* TaskBreweryUITests */ = {
			isa = PBXNativeTarget;
			buildConfigurationList = C1BE1C241F17834C00A9C378 /* Build configuration list for PBXNativeTarget "TaskBreweryUITests" */;
			buildPhases = (
				25B18682F17D45AD00CD2241 /* [CP] Check Pods Manifest.lock */,
				C1BE1C111F17834C00A9C378 /* Sources */,
				C1BE1C121F17834C00A9C378 /* Frameworks */,
				C1BE1C131F17834C00A9C378 /* Resources */,
				8A715600DD27FD2F9DF157E9 /* [CP] Embed Pods Frameworks */,
				A6596E393F216DE7061ABF5F /* [CP] Copy Pods Resources */,
			);
			buildRules = (
			);
			dependencies = (
				C1BE1C171F17834C00A9C378 /* PBXTargetDependency */,
			);
			name = TaskBreweryUITests;
			productName = TaskBreweryUITests;
			productReference = C1362AA01F232126005BC9B3 /* TaskBreweryUITests.xctest */;
			productType = "com.apple.product-type.bundle.ui-testing";
		};
/* End PBXNativeTarget section */

/* Begin PBXProject section */
		C1BE1BEB1F17834B00A9C378 /* Project object */ = {
			isa = PBXProject;
			attributes = {
				LastSwiftUpdateCheck = 0830;
				LastUpgradeCheck = 0830;
				ORGANIZATIONNAME = "Ankur Kumar";
				TargetAttributes = {
					C1BE1BF21F17834B00A9C378 = {
						CreatedOnToolsVersion = 8.3.2;
						DevelopmentTeam = B3JHM55H8J;
						ProvisioningStyle = Automatic;
					};
					C1BE1C091F17834C00A9C378 = {
						CreatedOnToolsVersion = 8.3.2;
						ProvisioningStyle = Automatic;
						TestTargetID = C1BE1BF21F17834B00A9C378;
					};
					C1BE1C141F17834C00A9C378 = {
						CreatedOnToolsVersion = 8.3.2;
						ProvisioningStyle = Automatic;
						TestTargetID = C1BE1BF21F17834B00A9C378;
					};
				};
			};
			buildConfigurationList = C1BE1BEE1F17834B00A9C378 /* Build configuration list for PBXProject "TaskBrewery" */;
			compatibilityVersion = "Xcode 3.2";
			developmentRegion = English;
			hasScannedForEncodings = 0;
			knownRegions = (
				en,
				Base,
			);
			mainGroup = C1BE1BEA1F17834B00A9C378;
			productRefGroup = C1BE1BEA1F17834B00A9C378;
			projectDirPath = "";
			projectRoot = "";
			targets = (
				C1BE1BF21F17834B00A9C378 /* TaskBrewery */,
				C1BE1C091F17834C00A9C378 /* TaskBreweryTests */,
				C1BE1C141F17834C00A9C378 /* TaskBreweryUITests */,
			);
		};
/* End PBXProject section */

/* Begin PBXResourcesBuildPhase section */
		C1BE1BF11F17834B00A9C378 /* Resources */ = {
			isa = PBXResourcesBuildPhase;
			buildActionMask = 2147483647;
			files = (
				C1BE1C041F17834B00A9C378 /* LaunchScreen.storyboard in Resources */,
				C179FF9A1F18733900296DB8 /* Default-568h@2x.png in Resources */,
				C1BE1C011F17834B00A9C378 /* Assets.xcassets in Resources */,
				C1BE1BFC1F17834B00A9C378 /* Main.storyboard in Resources */,
			);
			runOnlyForDeploymentPostprocessing = 0;
		};
		C1BE1C081F17834C00A9C378 /* Resources */ = {
			isa = PBXResourcesBuildPhase;
			buildActionMask = 2147483647;
			files = (
			);
			runOnlyForDeploymentPostprocessing = 0;
		};
		C1BE1C131F17834C00A9C378 /* Resources */ = {
			isa = PBXResourcesBuildPhase;
			buildActionMask = 2147483647;
			files = (
			);
			runOnlyForDeploymentPostprocessing = 0;
		};
/* End PBXResourcesBuildPhase section */

/* Begin PBXShellScriptBuildPhase section */
		25B18682F17D45AD00CD2241 /* [CP] Check Pods Manifest.lock */ = {
			isa = PBXShellScriptBuildPhase;
			buildActionMask = 2147483647;
			files = (
			);
			inputPaths = (
			);
			name = "[CP] Check Pods Manifest.lock";
			outputPaths = (
			);
			runOnlyForDeploymentPostprocessing = 0;
			shellPath = /bin/sh;
			shellScript = "diff \"${PODS_PODFILE_DIR_PATH}/Podfile.lock\" \"${PODS_ROOT}/Manifest.lock\" > /dev/null\nif [ $? != 0 ] ; then\n    # print error to STDERR\n    echo \"error: The sandbox is not in sync with the Podfile.lock. Run 'pod install' or update your CocoaPods installation.\" >&2\n    exit 1\nfi\n";
			showEnvVarsInLog = 0;
		};
		2D585996163C872A37B00BBC /* [CP] Check Pods Manifest.lock */ = {
			isa = PBXShellScriptBuildPhase;
			buildActionMask = 2147483647;
			files = (
			);
			inputPaths = (
			);
			name = "[CP] Check Pods Manifest.lock";
			outputPaths = (
			);
			runOnlyForDeploymentPostprocessing = 0;
			shellPath = /bin/sh;
			shellScript = "diff \"${PODS_PODFILE_DIR_PATH}/Podfile.lock\" \"${PODS_ROOT}/Manifest.lock\" > /dev/null\nif [ $? != 0 ] ; then\n    # print error to STDERR\n    echo \"error: The sandbox is not in sync with the Podfile.lock. Run 'pod install' or update your CocoaPods installation.\" >&2\n    exit 1\nfi\n";
			showEnvVarsInLog = 0;
		};
		359F24322A30B20B40DCF791 /* [CP] Copy Pods Resources */ = {
			isa = PBXShellScriptBuildPhase;
			buildActionMask = 2147483647;
			files = (
			);
			inputPaths = (
			);
			name = "[CP] Copy Pods Resources";
			outputPaths = (
			);
			runOnlyForDeploymentPostprocessing = 0;
			shellPath = /bin/sh;
			shellScript = "\"${SRCROOT}/Pods/Target Support Files/Pods-TaskBrewery/Pods-TaskBrewery-resources.sh\"\n";
			showEnvVarsInLog = 0;
		};
		4A6A4823E34FD94D345CF067 /* [CP] Embed Pods Frameworks */ = {
			isa = PBXShellScriptBuildPhase;
			buildActionMask = 2147483647;
			files = (
			);
			inputPaths = (
			);
			name = "[CP] Embed Pods Frameworks";
			outputPaths = (
			);
			runOnlyForDeploymentPostprocessing = 0;
			shellPath = /bin/sh;
			shellScript = "\"${SRCROOT}/Pods/Target Support Files/Pods-TaskBreweryTests/Pods-TaskBreweryTests-frameworks.sh\"\n";
			showEnvVarsInLog = 0;
		};
		8A715600DD27FD2F9DF157E9 /* [CP] Embed Pods Frameworks */ = {
			isa = PBXShellScriptBuildPhase;
			buildActionMask = 2147483647;
			files = (
			);
			inputPaths = (
			);
			name = "[CP] Embed Pods Frameworks";
			outputPaths = (
			);
			runOnlyForDeploymentPostprocessing = 0;
			shellPath = /bin/sh;
			shellScript = "\"${SRCROOT}/Pods/Target Support Files/Pods-TaskBreweryUITests/Pods-TaskBreweryUITests-frameworks.sh\"\n";
			showEnvVarsInLog = 0;
		};
		8F5817225311B10D36C01E4D /* [CP] Embed Pods Frameworks */ = {
			isa = PBXShellScriptBuildPhase;
			buildActionMask = 2147483647;
			files = (
			);
			inputPaths = (
			);
			name = "[CP] Embed Pods Frameworks";
			outputPaths = (
			);
			runOnlyForDeploymentPostprocessing = 0;
			shellPath = /bin/sh;
			shellScript = "\"${SRCROOT}/Pods/Target Support Files/Pods-TaskBrewery/Pods-TaskBrewery-frameworks.sh\"\n";
			showEnvVarsInLog = 0;
		};
		A6596E393F216DE7061ABF5F /* [CP] Copy Pods Resources */ = {
			isa = PBXShellScriptBuildPhase;
			buildActionMask = 2147483647;
			files = (
			);
			inputPaths = (
			);
			name = "[CP] Copy Pods Resources";
			outputPaths = (
			);
			runOnlyForDeploymentPostprocessing = 0;
			shellPath = /bin/sh;
			shellScript = "\"${SRCROOT}/Pods/Target Support Files/Pods-TaskBreweryUITests/Pods-TaskBreweryUITests-resources.sh\"\n";
			showEnvVarsInLog = 0;
		};
		AC9A4D5D63A8038CBA55B080 /* [CP] Copy Pods Resources */ = {
			isa = PBXShellScriptBuildPhase;
			buildActionMask = 2147483647;
			files = (
			);
			inputPaths = (
			);
			name = "[CP] Copy Pods Resources";
			outputPaths = (
			);
			runOnlyForDeploymentPostprocessing = 0;
			shellPath = /bin/sh;
			shellScript = "\"${SRCROOT}/Pods/Target Support Files/Pods-TaskBreweryTests/Pods-TaskBreweryTests-resources.sh\"\n";
			showEnvVarsInLog = 0;
		};
		C7EE4EBBE4F8351BCF32129F /* [CP] Check Pods Manifest.lock */ = {
			isa = PBXShellScriptBuildPhase;
			buildActionMask = 2147483647;
			files = (
			);
			inputPaths = (
			);
			name = "[CP] Check Pods Manifest.lock";
			outputPaths = (
			);
			runOnlyForDeploymentPostprocessing = 0;
			shellPath = /bin/sh;
			shellScript = "diff \"${PODS_PODFILE_DIR_PATH}/Podfile.lock\" \"${PODS_ROOT}/Manifest.lock\" > /dev/null\nif [ $? != 0 ] ; then\n    # print error to STDERR\n    echo \"error: The sandbox is not in sync with the Podfile.lock. Run 'pod install' or update your CocoaPods installation.\" >&2\n    exit 1\nfi\n";
			showEnvVarsInLog = 0;
		};
/* End PBXShellScriptBuildPhase section */

/* Begin PBXSourcesBuildPhase section */
		C1BE1BEF1F17834B00A9C378 /* Sources */ = {
			isa = PBXSourcesBuildPhase;
			buildActionMask = 2147483647;
			files = (
				C1BE1BF91F17834B00A9C378 /* ViewController.swift in Sources */,
				C179FFB31F19BBF900296DB8 /* TaskViewController.swift in Sources */,
				C1BE1BF71F17834B00A9C378 /* AppDelegate.swift in Sources */,
				C1BE1BFF1F17834B00A9C378 /* TaskBrewery.xcdatamodeld in Sources */,
				C179FFB71F19ED4E00296DB8 /* AddTaskViewController.swift in Sources */,
			);
			runOnlyForDeploymentPostprocessing = 0;
		};
		C1BE1C061F17834C00A9C378 /* Sources */ = {
			isa = PBXSourcesBuildPhase;
			buildActionMask = 2147483647;
			files = (
				C1BE1C0F1F17834C00A9C378 /* TaskBreweryTests.swift in Sources */,
			);
			runOnlyForDeploymentPostprocessing = 0;
		};
		C1BE1C111F17834C00A9C378 /* Sources */ = {
			isa = PBXSourcesBuildPhase;
			buildActionMask = 2147483647;
			files = (
				C1BE1C1A1F17834C00A9C378 /* TaskBreweryUITests.swift in Sources */,
			);
			runOnlyForDeploymentPostprocessing = 0;
		};
/* End PBXSourcesBuildPhase section */

/* Begin PBXTargetDependency section */
		C1BE1C0C1F17834C00A9C378 /* PBXTargetDependency */ = {
			isa = PBXTargetDependency;
			target = C1BE1BF21F17834B00A9C378 /* TaskBrewery */;
			targetProxy = C1BE1C0B1F17834C00A9C378 /* PBXContainerItemProxy */;
		};
		C1BE1C171F17834C00A9C378 /* PBXTargetDependency */ = {
			isa = PBXTargetDependency;
			target = C1BE1BF21F17834B00A9C378 /* TaskBrewery */;
			targetProxy = C1BE1C161F17834C00A9C378 /* PBXContainerItemProxy */;
		};
/* End PBXTargetDependency section */

/* Begin PBXVariantGroup section */
		C1BE1BFA1F17834B00A9C378 /* Main.storyboard */ = {
			isa = PBXVariantGroup;
			children = (
				C1BE1BFB1F17834B00A9C378 /* Base */,
			);
			name = Main.storyboard;
			sourceTree = "<group>";
		};
		C1BE1C021F17834B00A9C378 /* LaunchScreen.storyboard */ = {
			isa = PBXVariantGroup;
			children = (
				C1BE1C031F17834B00A9C378 /* Base */,
			);
			name = LaunchScreen.storyboard;
			sourceTree = "<group>";
		};
/* End PBXVariantGroup section */

/* Begin XCBuildConfiguration section */
		C1BE1C1C1F17834C00A9C378 /* Debug */ = {
			isa = XCBuildConfiguration;
			buildSettings = {
				ALWAYS_SEARCH_USER_PATHS = NO;
				CLANG_ANALYZER_NONNULL = YES;
				CLANG_ANALYZER_NUMBER_OBJECT_CONVERSION = YES_AGGRESSIVE;
				CLANG_CXX_LANGUAGE_STANDARD = "gnu++0x";
				CLANG_CXX_LIBRARY = "libc++";
				CLANG_ENABLE_MODULES = YES;
				CLANG_ENABLE_OBJC_ARC = YES;
				CLANG_WARN_BOOL_CONVERSION = YES;
				CLANG_WARN_CONSTANT_CONVERSION = YES;
				CLANG_WARN_DIRECT_OBJC_ISA_USAGE = YES_ERROR;
				CLANG_WARN_DOCUMENTATION_COMMENTS = YES;
				CLANG_WARN_EMPTY_BODY = YES;
				CLANG_WARN_ENUM_CONVERSION = YES;
				CLANG_WARN_INFINITE_RECURSION = YES;
				CLANG_WARN_INT_CONVERSION = YES;
				CLANG_WARN_OBJC_ROOT_CLASS = YES_ERROR;
				CLANG_WARN_SUSPICIOUS_MOVE = YES;
				CLANG_WARN_UNREACHABLE_CODE = YES;
				CLANG_WARN__DUPLICATE_METHOD_MATCH = YES;
				"CODE_SIGN_IDENTITY[sdk=iphoneos*]" = "iPhone Developer";
				COPY_PHASE_STRIP = NO;
				DEBUG_INFORMATION_FORMAT = dwarf;
				ENABLE_STRICT_OBJC_MSGSEND = YES;
				ENABLE_TESTABILITY = YES;
				GCC_C_LANGUAGE_STANDARD = gnu99;
				GCC_DYNAMIC_NO_PIC = NO;
				GCC_NO_COMMON_BLOCKS = YES;
				GCC_OPTIMIZATION_LEVEL = 0;
				GCC_PREPROCESSOR_DEFINITIONS = (
					"DEBUG=1",
					"$(inherited)",
				);
				GCC_WARN_64_TO_32_BIT_CONVERSION = YES;
				GCC_WARN_ABOUT_RETURN_TYPE = YES_ERROR;
				GCC_WARN_UNDECLARED_SELECTOR = YES;
				GCC_WARN_UNINITIALIZED_AUTOS = YES_AGGRESSIVE;
				GCC_WARN_UNUSED_FUNCTION = YES;
				GCC_WARN_UNUSED_VARIABLE = YES;
				IPHONEOS_DEPLOYMENT_TARGET = 10.3;
				MTL_ENABLE_DEBUG_INFO = YES;
				ONLY_ACTIVE_ARCH = YES;
				SDKROOT = iphoneos;
				SWIFT_ACTIVE_COMPILATION_CONDITIONS = DEBUG;
				SWIFT_OPTIMIZATION_LEVEL = "-Onone";
				TARGETED_DEVICE_FAMILY = "1,2";
			};
			name = Debug;
		};
		C1BE1C1D1F17834C00A9C378 /* Release */ = {
			isa = XCBuildConfiguration;
			buildSettings = {
				ALWAYS_SEARCH_USER_PATHS = NO;
				CLANG_ANALYZER_NONNULL = YES;
				CLANG_ANALYZER_NUMBER_OBJECT_CONVERSION = YES_AGGRESSIVE;
				CLANG_CXX_LANGUAGE_STANDARD = "gnu++0x";
				CLANG_CXX_LIBRARY = "libc++";
				CLANG_ENABLE_MODULES = YES;
				CLANG_ENABLE_OBJC_ARC = YES;
				CLANG_WARN_BOOL_CONVERSION = YES;
				CLANG_WARN_CONSTANT_CONVERSION = YES;
				CLANG_WARN_DIRECT_OBJC_ISA_USAGE = YES_ERROR;
				CLANG_WARN_DOCUMENTATION_COMMENTS = YES;
				CLANG_WARN_EMPTY_BODY = YES;
				CLANG_WARN_ENUM_CONVERSION = YES;
				CLANG_WARN_INFINITE_RECURSION = YES;
				CLANG_WARN_INT_CONVERSION = YES;
				CLANG_WARN_OBJC_ROOT_CLASS = YES_ERROR;
				CLANG_WARN_SUSPICIOUS_MOVE = YES;
				CLANG_WARN_UNREACHABLE_CODE = YES;
				CLANG_WARN__DUPLICATE_METHOD_MATCH = YES;
				"CODE_SIGN_IDENTITY[sdk=iphoneos*]" = "iPhone Developer";
				COPY_PHASE_STRIP = NO;
				DEBUG_INFORMATION_FORMAT = "dwarf-with-dsym";
				ENABLE_NS_ASSERTIONS = NO;
				ENABLE_STRICT_OBJC_MSGSEND = YES;
				GCC_C_LANGUAGE_STANDARD = gnu99;
				GCC_NO_COMMON_BLOCKS = YES;
				GCC_WARN_64_TO_32_BIT_CONVERSION = YES;
				GCC_WARN_ABOUT_RETURN_TYPE = YES_ERROR;
				GCC_WARN_UNDECLARED_SELECTOR = YES;
				GCC_WARN_UNINITIALIZED_AUTOS = YES_AGGRESSIVE;
				GCC_WARN_UNUSED_FUNCTION = YES;
				GCC_WARN_UNUSED_VARIABLE = YES;
				IPHONEOS_DEPLOYMENT_TARGET = 10.3;
				MTL_ENABLE_DEBUG_INFO = NO;
				SDKROOT = iphoneos;
				SWIFT_OPTIMIZATION_LEVEL = "-Owholemodule";
				TARGETED_DEVICE_FAMILY = "1,2";
				VALIDATE_PRODUCT = YES;
			};
			name = Release;
		};
		C1BE1C1F1F17834C00A9C378 /* Debug */ = {
			isa = XCBuildConfiguration;
			baseConfigurationReference = D2F83ECEB539D1AA78DD1184 /* Pods-TaskBrewery.debug.xcconfig */;
			buildSettings = {
				ASSETCATALOG_COMPILER_APPICON_NAME = AppIcon;
				DEVELOPMENT_TEAM = B3JHM55H8J;
				INFOPLIST_FILE = TaskBrewery/Info.plist;
				LD_RUNPATH_SEARCH_PATHS = "$(inherited) @executable_path/Frameworks";
				PRODUCT_BUNDLE_IDENTIFIER = rocks.ankur.TaskBrewery;
				PRODUCT_NAME = "$(TARGET_NAME)";
				SWIFT_VERSION = 3.0;
			};
			name = Debug;
		};
		C1BE1C201F17834C00A9C378 /* Release */ = {
			isa = XCBuildConfiguration;
			baseConfigurationReference = 5829C9F02A9F798BA832D0C4 /* Pods-TaskBrewery.release.xcconfig */;
			buildSettings = {
				ASSETCATALOG_COMPILER_APPICON_NAME = AppIcon;
				DEVELOPMENT_TEAM = B3JHM55H8J;
				INFOPLIST_FILE = TaskBrewery/Info.plist;
				LD_RUNPATH_SEARCH_PATHS = "$(inherited) @executable_path/Frameworks";
				PRODUCT_BUNDLE_IDENTIFIER = rocks.ankur.TaskBrewery;
				PRODUCT_NAME = "$(TARGET_NAME)";
				SWIFT_VERSION = 3.0;
			};
			name = Release;
		};
		C1BE1C221F17834C00A9C378 /* Debug */ = {
			isa = XCBuildConfiguration;
			baseConfigurationReference = C73CACEE5863173BF3ED3D19 /* Pods-TaskBreweryTests.debug.xcconfig */;
			buildSettings = {
				ALWAYS_EMBED_SWIFT_STANDARD_LIBRARIES = YES;
				BUNDLE_LOADER = "$(TEST_HOST)";
				INFOPLIST_FILE = TaskBreweryTests/Info.plist;
				LD_RUNPATH_SEARCH_PATHS = "$(inherited) @executable_path/Frameworks @loader_path/Frameworks";
				PRODUCT_BUNDLE_IDENTIFIER = rocks.ankur.TaskBreweryTests;
				PRODUCT_NAME = "$(TARGET_NAME)";
				SWIFT_VERSION = 3.0;
				TEST_HOST = "$(BUILT_PRODUCTS_DIR)/TaskBrewery.app/TaskBrewery";
			};
			name = Debug;
		};
		C1BE1C231F17834C00A9C378 /* Release */ = {
			isa = XCBuildConfiguration;
			baseConfigurationReference = 77984FA7DD2492BEA1B68ED4 /* Pods-TaskBreweryTests.release.xcconfig */;
			buildSettings = {
				ALWAYS_EMBED_SWIFT_STANDARD_LIBRARIES = YES;
				BUNDLE_LOADER = "$(TEST_HOST)";
				INFOPLIST_FILE = TaskBreweryTests/Info.plist;
				LD_RUNPATH_SEARCH_PATHS = "$(inherited) @executable_path/Frameworks @loader_path/Frameworks";
				PRODUCT_BUNDLE_IDENTIFIER = rocks.ankur.TaskBreweryTests;
				PRODUCT_NAME = "$(TARGET_NAME)";
				SWIFT_VERSION = 3.0;
				TEST_HOST = "$(BUILT_PRODUCTS_DIR)/TaskBrewery.app/TaskBrewery";
			};
			name = Release;
		};
		C1BE1C251F17834C00A9C378 /* Debug */ = {
			isa = XCBuildConfiguration;
			baseConfigurationReference = D0D090E61D001D14E7CCFEBC /* Pods-TaskBreweryUITests.debug.xcconfig */;
			buildSettings = {
				ALWAYS_EMBED_SWIFT_STANDARD_LIBRARIES = YES;
				INFOPLIST_FILE = TaskBreweryUITests/Info.plist;
				LD_RUNPATH_SEARCH_PATHS = "$(inherited) @executable_path/Frameworks @loader_path/Frameworks";
				PRODUCT_BUNDLE_IDENTIFIER = rocks.ankur.TaskBreweryUITests;
				PRODUCT_NAME = "$(TARGET_NAME)";
				SWIFT_VERSION = 3.0;
				TEST_TARGET_NAME = TaskBrewery;
			};
			name = Debug;
		};
		C1BE1C261F17834C00A9C378 /* Release */ = {
			isa = XCBuildConfiguration;
			baseConfigurationReference = BDCD8DBA81360418DD2E1167 /* Pods-TaskBreweryUITests.release.xcconfig */;
			buildSettings = {
				ALWAYS_EMBED_SWIFT_STANDARD_LIBRARIES = YES;
				INFOPLIST_FILE = TaskBreweryUITests/Info.plist;
				LD_RUNPATH_SEARCH_PATHS = "$(inherited) @executable_path/Frameworks @loader_path/Frameworks";
				PRODUCT_BUNDLE_IDENTIFIER = rocks.ankur.TaskBreweryUITests;
				PRODUCT_NAME = "$(TARGET_NAME)";
				SWIFT_VERSION = 3.0;
				TEST_TARGET_NAME = TaskBrewery;
			};
			name = Release;
		};
/* End XCBuildConfiguration section */

/* Begin XCConfigurationList section */
		C1BE1BEE1F17834B00A9C378 /* Build configuration list for PBXProject "TaskBrewery" */ = {
			isa = XCConfigurationList;
			buildConfigurations = (
				C1BE1C1C1F17834C00A9C378 /* Debug */,
				C1BE1C1D1F17834C00A9C378 /* Release */,
			);
			defaultConfigurationIsVisible = 0;
			defaultConfigurationName = Release;
		};
		C1BE1C1E1F17834C00A9C378 /* Build configuration list for PBXNativeTarget "TaskBrewery" */ = {
			isa = XCConfigurationList;
			buildConfigurations = (
				C1BE1C1F1F17834C00A9C378 /* Debug */,
				C1BE1C201F17834C00A9C378 /* Release */,
			);
			defaultConfigurationIsVisible = 0;
			defaultConfigurationName = Release;
		};
		C1BE1C211F17834C00A9C378 /* Build configuration list for PBXNativeTarget "TaskBreweryTests" */ = {
			isa = XCConfigurationList;
			buildConfigurations = (
				C1BE1C221F17834C00A9C378 /* Debug */,
				C1BE1C231F17834C00A9C378 /* Release */,
			);
			defaultConfigurationIsVisible = 0;
			defaultConfigurationName = Release;
		};
		C1BE1C241F17834C00A9C378 /* Build configuration list for PBXNativeTarget "TaskBreweryUITests" */ = {
			isa = XCConfigurationList;
			buildConfigurations = (
				C1BE1C251F17834C00A9C378 /* Debug */,
				C1BE1C261F17834C00A9C378 /* Release */,
			);
			defaultConfigurationIsVisible = 0;
			defaultConfigurationName = Release;
		};
/* End XCConfigurationList section */

/* Begin XCVersionGroup section */
		C1BE1BFD1F17834B00A9C378 /* TaskBrewery.xcdatamodeld */ = {
			isa = XCVersionGroup;
			children = (
				C1BE1BFE1F17834B00A9C378 /* TaskBrewery.xcdatamodel */,
			);
			currentVersion = C1BE1BFE1F17834B00A9C378 /* TaskBrewery.xcdatamodel */;
			path = TaskBrewery.xcdatamodeld;
			sourceTree = "<group>";
			versionGroupType = wrapper.xcdatamodel;
		};
/* End XCVersionGroup section */
	};
	rootObject = C1BE1BEB1F17834B00A9C378 /* Project object */;
}
